
Microsoft Visual Studio Solution File, Format Version 12.00
# Visual Studio 15
VisualStudioVersion = 15.0.28307.539
MinimumVisualStudioVersion = 10.0.40219.1
Project("{E24C65DC-7377-472B-9ABA-BC803B73C61A}") = "src", "src\", "{9B326189-1FFD-41FE-977F-26725666C391}"
	ProjectSection(WebsiteProperties) = preProject
		TargetFrameworkMoniker = ".NETFramework,Version%3Dv4.0"
		Debug.AspNetCompiler.VirtualPath = "/localhost_51846"
		Debug.AspNetCompiler.PhysicalPath = "src\"
		Debug.AspNetCompiler.TargetPath = "PrecompiledWeb\localhost_51846\"
		Debug.AspNetCompiler.Updateable = "true"
		Debug.AspNetCompiler.ForceOverwrite = "true"
		Debug.AspNetCompiler.FixedNames = "false"
		Debug.AspNetCompiler.Debug = "True"
		Release.AspNetCompiler.VirtualPath = "/localhost_51846"
		Release.AspNetCompiler.PhysicalPath = "src\"
		Release.AspNetCompiler.TargetPath = "PrecompiledWeb\localhost_51846\"
		Release.AspNetCompiler.Updateable = "true"
		Release.AspNetCompiler.ForceOverwrite = "true"
		Release.AspNetCompiler.FixedNames = "false"
		Release.AspNetCompiler.Debug = "False"
		VWDPort = "51846"
		SlnRelativePath = "src\"
	EndProjectSection
EndProject
Global
	GlobalSection(SolutionConfigurationPlatforms) = preSolution
		Debug|Any CPU = Debug|Any CPU
	EndGlobalSection
	GlobalSection(ProjectConfigurationPlatforms) = postSolution
		{9B326189-1FFD-41FE-977F-26725666C391}.Debug|Any CPU.ActiveCfg = Debug|Any CPU
		{9B326189-1FFD-41FE-977F-26725666C391}.Debug|Any CPU.Build.0 = Debug|Any CPU
	EndGlobalSection
	GlobalSection(SolutionProperties) = preSolution
		HideSolutionNode = FALSE
	EndGlobalSection
	GlobalSection(ExtensibilityGlobals) = postSolution
		SolutionGuid = {9473FD86-E8D2-4E07-8613-9A0D2530C33C}
	EndGlobalSection
EndGlobal
